
Microsoft Visual Studio Solution File, Format Version 12.00
# Visual Studio Version 17
VisualStudioVersion = 17.7.34302.85
MinimumVisualStudioVersion = 10.0.40219.1
Project("{FAE04EC0-301F-11D3-BF4B-00C04F79EFBC}") = "BITSRESTAPI", "MIS442_Final Project_RFernandez\BITSRESTAPI.csproj", "{0154633D-79D9-4F56-997F-C6FCD957B35D}"
EndProject
Project("{FAE04EC0-301F-11D3-BF4B-00C04F79EFBC}") = "BitsEFClasses", "BitsEFClasses\BitsEFClasses.csproj", "{8A61E9B7-17C4-46E5-8FAA-45457C63EBB4}"
EndProject
Global
	GlobalSection(SolutionConfigurationPlatforms) = preSolution
		Debug|Any CPU = Debug|Any CPU
		Release|Any CPU = Release|Any CPU
	EndGlobalSection
	GlobalSection(ProjectConfigurationPlatforms) = postSolution
		{0154633D-79D9-4F56-997F-C6FCD957B35D}.Debug|Any CPU.ActiveCfg = Debug|Any CPU
		{0154633D-79D9-4F56-997F-C6FCD957B35D}.Debug|Any CPU.Build.0 = Debug|Any CPU
		{0154633D-79D9-4F56-997F-C6FCD957B35D}.Release|Any CPU.ActiveCfg = Release|Any CPU
		{0154633D-79D9-4F56-997F-C6FCD957B35D}.Release|Any CPU.Build.0 = Release|Any CPU
		{8A61E9B7-17C4-46E5-8FAA-45457C63EBB4}.Debug|Any CPU.ActiveCfg = Debug|Any CPU
		{8A61E9B7-17C4-46E5-8FAA-45457C63EBB4}.Debug|Any CPU.Build.0 = Debug|Any CPU
		{8A61E9B7-17C4-46E5-8FAA-45457C63EBB4}.Release|Any CPU.ActiveCfg = Release|Any CPU
		{8A61E9B7-17C4-46E5-8FAA-45457C63EBB4}.Release|Any CPU.Build.0 = Release|Any CPU
	EndGlobalSection
	GlobalSection(SolutionProperties) = preSolution
		HideSolutionNode = FALSE
	EndGlobalSection
	GlobalSection(ExtensibilityGlobals) = postSolution
		SolutionGuid = {2B36F671-42F1-4953-9848-C256CA7D6213}
	EndGlobalSection
EndGlobal
